<?xml version="1.0" encoding="utf-8"?>
<Project ToolsVersion="4.0" xmlns="http://schemas.microsoft.com/developer/msbuild/2003">
  <ItemGroup>
    <Filter Include="src">
      <UniqueIdentifier>{d1cf5185-2a76-43ce-ab06-4c622056b99e}</UniqueIdentifier>
    </Filter>
    <Filter Include="src\json">
      <UniqueIdentifier>{9b6d68c8-90ca-4cdd-83c6-6cefa757be95}</UniqueIdentifier>
    </Filter>
  </ItemGroup>
  <ItemGroup>
    <ClCompile Include="..\src\main.cpp">
      <Filter>src</Filter>
    </ClCompile>
    <ClCompile Include="..\src\json\JsonRead.cpp">
      <Filter>src\json</Filter>
    </ClCompile>
    <ClCompile Include="..\src\Game.cpp">
      <Filter>src</Filter>
    </ClCompile>
  </ItemGroup>
  <ItemGroup>
    <ClInclude Include="..\src\json\JsonRead.h">
      <Filter>src\json</Filter>
    </ClInclude>
    <ClInclude Include="..\src\Game.h">
      <Filter>src</Filter>
    </ClInclude>
  </ItemGroup>
</Project>